{
  "name": "Pitambara",
  "lockfileVersion": 3,
  "requires": true,
  "packages": {
    "": {
      "dependencies": {
        "@lexical/react": "^0.33.1",
        "lexical": "^0.33.1"
      }
    },
    "node_modules/@babel/runtime": {
      "version": "7.27.6",
      "resolved": "https://registry.npmjs.org/@babel/runtime/-/runtime-7.27.6.tgz",
      "integrity": "sha512-vbavdySgbTTrmFE+EsiqUTzlOr5bzlnJtUv9PynGCAKvfQqjIXbvFdumPM/GxMDfyuGMJaJAU6TO4zc1Jf1i8Q==",
      "license": "MIT",
      "engines": {
        "node": ">=6.9.0"
      }
    },
    "node_modules/@floating-ui/core": {
      "version": "1.7.2",
      "resolved": "https://registry.npmjs.org/@floating-ui/core/-/core-1.7.2.tgz",
      "integrity": "sha512-wNB5ooIKHQc+Kui96jE/n69rHFWAVoxn5CAzL1Xdd8FG03cgY3MLO+GF9U3W737fYDSgPWA6MReKhBQBop6Pcw==",
      "license": "MIT",
      "dependencies": {
        "@floating-ui/utils": "^0.2.10"
      }
    },
    "node_modules/@floating-ui/dom": {
      "version": "1.7.2",
      "resolved": "https://registry.npmjs.org/@floating-ui/dom/-/dom-1.7.2.tgz",
      "integrity": "sha512-7cfaOQuCS27HD7DX+6ib2OrnW+b4ZBwDNnCcT0uTyidcmyWb03FnQqJybDBoCnpdxwBSfA94UAYlRCt7mV+TbA==",
      "license": "MIT",
      "dependencies": {
        "@floating-ui/core": "^1.7.2",
        "@floating-ui/utils": "^0.2.10"
      }
    },
    "node_modules/@floating-ui/react": {
      "version": "0.27.13",
      "resolved": "https://registry.npmjs.org/@floating-ui/react/-/react-0.27.13.tgz",
      "integrity": "sha512-Qmj6t9TjgWAvbygNEu1hj4dbHI9CY0ziCMIJrmYoDIn9TUAH5lRmiIeZmRd4c6QEZkzdoH7jNnoNyoY1AIESiA==",
      "license": "MIT",
      "dependencies": {
        "@floating-ui/react-dom": "^2.1.4",
        "@floating-ui/utils": "^0.2.10",
        "tabbable": "^6.0.0"
      },
      "peerDependencies": {
        "react": ">=17.0.0",
        "react-dom": ">=17.0.0"
      }
    },
    "node_modules/@floating-ui/react-dom": {
      "version": "2.1.4",
      "resolved": "https://registry.npmjs.org/@floating-ui/react-dom/-/react-dom-2.1.4.tgz",
      "integrity": "sha512-JbbpPhp38UmXDDAu60RJmbeme37Jbgsm7NrHGgzYYFKmblzRUh6Pa641dII6LsjwF4XlScDrde2UAzDo/b9KPw==",
      "license": "MIT",
      "dependencies": {
        "@floating-ui/dom": "^1.7.2"
      },
      "peerDependencies": {
        "react": ">=16.8.0",
        "react-dom": ">=16.8.0"
      }
    },
    "node_modules/@floating-ui/utils": {
      "version": "0.2.10",
      "resolved": "https://registry.npmjs.org/@floating-ui/utils/-/utils-0.2.10.tgz",
      "integrity": "sha512-aGTxbpbg8/b5JfU1HXSrbH3wXZuLPJcNEcZQFMxLs3oSzgtVu6nFPkbbGGUvBcUjKV2YyB9Wxxabo+HEH9tcRQ==",
      "license": "MIT"
    },
    "node_modules/@lexical/clipboard": {
      "version": "0.33.1",
      "resolved": "https://registry.npmjs.org/@lexical/clipboard/-/clipboard-0.33.1.tgz",
      "integrity": "sha512-Qd3/Cm3TW2DFQv58kMtLi86u5YOgpBdf+o7ySbXz55C613SLACsYQBB3X5Vu5hTx/t/ugYOpII4HkiatW6d9zA==",
      "license": "MIT",
      "dependencies": {
        "@lexical/html": "0.33.1",
        "@lexical/list": "0.33.1",
        "@lexical/selection": "0.33.1",
        "@lexical/utils": "0.33.1",
        "lexical": "0.33.1"
      }
    },
    "node_modules/@lexical/code": {
      "version": "0.33.1",
      "resolved": "https://registry.npmjs.org/@lexical/code/-/code-0.33.1.tgz",
      "integrity": "sha512-E0Y/+1znkqVpP52Y6blXGAduoZek9SSehJN+vbH+4iQKyFwTA7JB+jd5C5/K0ik55du9X7SN/oTynByg7lbcAA==",
      "license": "MIT",
      "dependencies": {
        "@lexical/utils": "0.33.1",
        "lexical": "0.33.1",
        "prismjs": "^1.30.0"
      }
    },
    "node_modules/@lexical/devtools-core": {
      "version": "0.33.1",
      "resolved": "https://registry.npmjs.org/@lexical/devtools-core/-/devtools-core-0.33.1.tgz",
      "integrity": "sha512-3yHu5diNtjwhoe2q/x9as6n6rIfA+QO2CfaVjFRkam8rkAW6zUzQT1D0fQdE8nOfWvXBgY1mH/ZLP4dDXBdG5Q==",
      "license": "MIT",
      "dependencies": {
        "@lexical/html": "0.33.1",
        "@lexical/link": "0.33.1",
        "@lexical/mark": "0.33.1",
        "@lexical/table": "0.33.1",
        "@lexical/utils": "0.33.1",
        "lexical": "0.33.1"
      },
      "peerDependencies": {
        "react": ">=17.x",
        "react-dom": ">=17.x"
      }
    },
    "node_modules/@lexical/dragon": {
      "version": "0.33.1",
      "resolved": "https://registry.npmjs.org/@lexical/dragon/-/dragon-0.33.1.tgz",
      "integrity": "sha512-UQ6DLkcDAr83wA1vz3sUgtcpYcMifC4sF0MieZAoMzFrna6Ekqj7OJ7g8Lo7m7AeuT4NETRVDsjIEDdrQMKLLA==",
      "license": "MIT",
      "dependencies": {
        "lexical": "0.33.1"
      }
    },
    "node_modules/@lexical/hashtag": {
      "version": "0.33.1",
      "resolved": "https://registry.npmjs.org/@lexical/hashtag/-/hashtag-0.33.1.tgz",
      "integrity": "sha512-M3IsDe4cifggMBZgYAVT7hCLWcwQ3dIcUPdr9Xc6wDQQQdEqOQYB0PO//9bSYUVq+BNiiTgysc+TtlM7PiJfiw==",
      "license": "MIT",
      "dependencies": {
        "@lexical/utils": "0.33.1",
        "lexical": "0.33.1"
      }
    },
    "node_modules/@lexical/history": {
      "version": "0.33.1",
      "resolved": "https://registry.npmjs.org/@lexical/history/-/history-0.33.1.tgz",
      "integrity": "sha512-Bk0h3D6cFkJ7w3HKvqQua7n6Xfz7nR7L3gLDBH9L0nsS4MM9+LteSEZPUe0kj4VuEjnxufYstTc9HA2aNLKxnQ==",
      "license": "MIT",
      "dependencies": {
        "@lexical/utils": "0.33.1",
        "lexical": "0.33.1"
      }
    },
    "node_modules/@lexical/html": {
      "version": "0.33.1",
      "resolved": "https://registry.npmjs.org/@lexical/html/-/html-0.33.1.tgz",
      "integrity": "sha512-t14vu4eKa6BWz1N7/rwXgXif1k4dj73dRvllWJgfXum+a36vn1aySNYOlOfqWXF7k1b3uJmoqsWK7n/1ASnimw==",
      "license": "MIT",
      "dependencies": {
        "@lexical/selection": "0.33.1",
        "@lexical/utils": "0.33.1",
        "lexical": "0.33.1"
      }
    },
    "node_modules/@lexical/link": {
      "version": "0.33.1",
      "resolved": "https://registry.npmjs.org/@lexical/link/-/link-0.33.1.tgz",
      "integrity": "sha512-JCTu7Fft2J2kgfqJiWnGei+UMIXVKiZKaXzuHCuGQTFu92DeCyd02azBaFazZHEkSqCIFZ0DqVV2SpIJmd0Ygw==",
      "license": "MIT",
      "dependencies": {
        "@lexical/utils": "0.33.1",
        "lexical": "0.33.1"
      }
    },
    "node_modules/@lexical/list": {
      "version": "0.33.1",
      "resolved": "https://registry.npmjs.org/@lexical/list/-/list-0.33.1.tgz",
      "integrity": "sha512-PXp56dWADSThc9WhwWV4vXhUc3sdtCqsfPD3UQNGUZ9rsAY1479rqYLtfYgEmYPc8JWXikQCAKEejahCJIm8OQ==",
      "license": "MIT",
      "dependencies": {
        "@lexical/selection": "0.33.1",
        "@lexical/utils": "0.33.1",
        "lexical": "0.33.1"
      }
    },
    "node_modules/@lexical/mark": {
      "version": "0.33.1",
      "resolved": "https://registry.npmjs.org/@lexical/mark/-/mark-0.33.1.tgz",
      "integrity": "sha512-tGdOf1e694lnm/HyWUKEkEWjDyfhCBFG7u8iRKNpsYTpB3M1FsJUXbphE2bb8MyWfhHbaNxnklupSSaSPzO88A==",
      "license": "MIT",
      "dependencies": {
        "@lexical/utils": "0.33.1",
        "lexical": "0.33.1"
      }
    },
    "node_modules/@lexical/markdown": {
      "version": "0.33.1",
      "resolved": "https://registry.npmjs.org/@lexical/markdown/-/markdown-0.33.1.tgz",
      "integrity": "sha512-p5zwWNF70pELRx60wxE8YOFVNiNDkw7gjKoYqkED23q5hj4mcqco9fQf6qeeZChjxLKjfyT6F1PpWgxmlBlxBw==",
      "license": "MIT",
      "dependencies": {
        "@lexical/code": "0.33.1",
        "@lexical/link": "0.33.1",
        "@lexical/list": "0.33.1",
        "@lexical/rich-text": "0.33.1",
        "@lexical/text": "0.33.1",
        "@lexical/utils": "0.33.1",
        "lexical": "0.33.1"
      }
    },
    "node_modules/@lexical/offset": {
      "version": "0.33.1",
      "resolved": "https://registry.npmjs.org/@lexical/offset/-/offset-0.33.1.tgz",
      "integrity": "sha512-3YIlUs43QdKSBLEfOkuciE2tn9loxVmkSs/HgaIiLYl0Edf1W00FP4ItSmYU4De5GopXsHq6+Y3ry4pU/ciUiQ==",
      "license": "MIT",
      "dependencies": {
        "lexical": "0.33.1"
      }
    },
    "node_modules/@lexical/overflow": {
      "version": "0.33.1",
      "resolved": "https://registry.npmjs.org/@lexical/overflow/-/overflow-0.33.1.tgz",
      "integrity": "sha512-3BDq1lOw567FeCk4rN2ellKwoXTM9zGkGuKnSGlXS1JmtGGGSvT+uTANX3KOOfqTNSrOkrwoM+3hlFv7p6VpiQ==",
      "license": "MIT",
      "dependencies": {
        "lexical": "0.33.1"
      }
    },
    "node_modules/@lexical/plain-text": {
      "version": "0.33.1",
      "resolved": "https://registry.npmjs.org/@lexical/plain-text/-/plain-text-0.33.1.tgz",
      "integrity": "sha512-2HxdhAx6bwF8y5A9P0q3YHsYbhUo4XXm+GyKJO87an8JClL2W+GYLTSDbfNWTh4TtH95eG+UYLOjNEgyU6tsWA==",
      "license": "MIT",
      "dependencies": {
        "@lexical/clipboard": "0.33.1",
        "@lexical/selection": "0.33.1",
        "@lexical/utils": "0.33.1",
        "lexical": "0.33.1"
      }
    },
    "node_modules/@lexical/react": {
      "version": "0.33.1",
      "resolved": "https://registry.npmjs.org/@lexical/react/-/react-0.33.1.tgz",
      "integrity": "sha512-ylnUmom5h8PY+Z14uDmKLQEoikTPN77GRM0NRCIdtbWmOQqOq/5BhuCzMZE1WvpL5C6n3GtK6IFnsMcsKmVOcw==",
      "license": "MIT",
      "dependencies": {
        "@floating-ui/react": "^0.27.8",
        "@lexical/devtools-core": "0.33.1",
        "@lexical/dragon": "0.33.1",
        "@lexical/hashtag": "0.33.1",
        "@lexical/history": "0.33.1",
        "@lexical/link": "0.33.1",
        "@lexical/list": "0.33.1",
        "@lexical/mark": "0.33.1",
        "@lexical/markdown": "0.33.1",
        "@lexical/overflow": "0.33.1",
        "@lexical/plain-text": "0.33.1",
        "@lexical/rich-text": "0.33.1",
        "@lexical/table": "0.33.1",
        "@lexical/text": "0.33.1",
        "@lexical/utils": "0.33.1",
        "@lexical/yjs": "0.33.1",
        "lexical": "0.33.1",
        "react-error-boundary": "^3.1.4"
      },
      "peerDependencies": {
        "react": ">=17.x",
        "react-dom": ">=17.x"
      }
    },
    "node_modules/@lexical/rich-text": {
      "version": "0.33.1",
      "resolved": "https://registry.npmjs.org/@lexical/rich-text/-/rich-text-0.33.1.tgz",
      "integrity": "sha512-ZBIsj4LwmamRBCGjJiPSLj7N/XkUDv/pnYn5Rp0BL42WpOiQLvOoGLrZxgUJZEmRPQnx42ZgLKVgrWHsyjuoAA==",
      "license": "MIT",
      "dependencies": {
        "@lexical/clipboard": "0.33.1",
        "@lexical/selection": "0.33.1",
        "@lexical/utils": "0.33.1",
        "lexical": "0.33.1"
      }
    },
    "node_modules/@lexical/selection": {
      "version": "0.33.1",
      "resolved": "https://registry.npmjs.org/@lexical/selection/-/selection-0.33.1.tgz",
      "integrity": "sha512-KXPkdCDdVfIUXmkwePu9DAd3kLjL0aAqL5G9CMCFsj7RG9lLvvKk7kpivrAIbRbcsDzO44QwsFPisZHbX4ioXA==",
      "license": "MIT",
      "dependencies": {
        "lexical": "0.33.1"
      }
    },
    "node_modules/@lexical/table": {
      "version": "0.33.1",
      "resolved": "https://registry.npmjs.org/@lexical/table/-/table-0.33.1.tgz",
      "integrity": "sha512-pzB11i1Y6fzmy0IPUKJyCdhVBgXaNOxJUxrQJWdKNYCh1eMwwMEQvj+8inItd/11aUkjcdHjwDTht8gL2UHKiQ==",
      "license": "MIT",
      "dependencies": {
        "@lexical/clipboard": "0.33.1",
        "@lexical/utils": "0.33.1",
        "lexical": "0.33.1"
      }
    },
    "node_modules/@lexical/text": {
      "version": "0.33.1",
      "resolved": "https://registry.npmjs.org/@lexical/text/-/text-0.33.1.tgz",
      "integrity": "sha512-CnyU3q3RytXXWVSvC5StOKISzFAPGK9MuesNDDGyZk7yDK+J98gV6df4RBKfqwcokFMThpkUlvMeKe1+S2y25A==",
      "license": "MIT",
      "dependencies": {
        "lexical": "0.33.1"
      }
    },
    "node_modules/@lexical/utils": {
      "version": "0.33.1",
      "resolved": "https://registry.npmjs.org/@lexical/utils/-/utils-0.33.1.tgz",
      "integrity": "sha512-eKysPjzEE9zD+2af3WRX5U3XbeNk0z4uv1nXGH3RG15uJ4Huzjht82hzsQpCFUobKmzYlQaQs5y2IYKE2puipQ==",
      "license": "MIT",
      "dependencies": {
        "@lexical/list": "0.33.1",
        "@lexical/selection": "0.33.1",
        "@lexical/table": "0.33.1",
        "lexical": "0.33.1"
      }
    },
    "node_modules/@lexical/yjs": {
      "version": "0.33.1",
      "resolved": "https://registry.npmjs.org/@lexical/yjs/-/yjs-0.33.1.tgz",
      "integrity": "sha512-Zx1rabMm/Zjk7n7YQMIQLUN+tqzcg1xqcgNpEHSfK1GA8QMPXCPvXWFT3ZDC4tfZOSy/YIqpVUyWZAomFqRa+g==",
      "license": "MIT",
      "dependencies": {
        "@lexical/offset": "0.33.1",
        "@lexical/selection": "0.33.1",
        "lexical": "0.33.1"
      },
      "peerDependencies": {
        "yjs": ">=13.5.22"
      }
    },
    "node_modules/isomorphic.js": {
      "version": "0.2.5",
      "resolved": "https://registry.npmjs.org/isomorphic.js/-/isomorphic.js-0.2.5.tgz",
      "integrity": "sha512-PIeMbHqMt4DnUP3MA/Flc0HElYjMXArsw1qwJZcm9sqR8mq3l8NYizFMty0pWwE/tzIGH3EKK5+jes5mAr85yw==",
      "license": "MIT",
      "peer": true,
      "funding": {
        "type": "GitHub Sponsors ❤",
        "url": "https://github.com/sponsors/dmonad"
      }
    },
    "node_modules/lexical": {
      "version": "0.33.1",
      "resolved": "https://registry.npmjs.org/lexical/-/lexical-0.33.1.tgz",
      "integrity": "sha512-+kiCS/GshQmCs/meMb8MQT4AMvw3S3Ef0lSCv2Xi6Itvs59OD+NjQWNfYkDteIbKtVE/w0Yiqh56VyGwIb8UcA==",
      "license": "MIT"
    },
    "node_modules/lib0": {
      "version": "0.2.109",
      "resolved": "https://registry.npmjs.org/lib0/-/lib0-0.2.109.tgz",
      "integrity": "sha512-jP0gbnyW0kwlx1Atc4dcHkBbrVAkdHjuyHxtClUPYla7qCmwIif1qZ6vQeJdR5FrOVdn26HvQT0ko01rgW7/Xw==",
      "license": "MIT",
      "peer": true,
      "dependencies": {
        "isomorphic.js": "^0.2.4"
      },
      "bin": {
        "0ecdsa-generate-keypair": "bin/0ecdsa-generate-keypair.js",
        "0gentesthtml": "bin/gentesthtml.js",
        "0serve": "bin/0serve.js"
      },
      "engines": {
        "node": ">=16"
      },
      "funding": {
        "type": "GitHub Sponsors ❤",
        "url": "https://github.com/sponsors/dmonad"
      }
    },
    "node_modules/prismjs": {
      "version": "1.30.0",
      "resolved": "https://registry.npmjs.org/prismjs/-/prismjs-1.30.0.tgz",
      "integrity": "sha512-DEvV2ZF2r2/63V+tK8hQvrR2ZGn10srHbXviTlcv7Kpzw8jWiNTqbVgjO3IY8RxrrOUF8VPMQQFysYYYv0YZxw==",
      "license": "MIT",
      "engines": {
        "node": ">=6"
      }
    },
    "node_modules/react": {
      "version": "19.1.0",
      "resolved": "https://registry.npmjs.org/react/-/react-19.1.0.tgz",
      "integrity": "sha512-FS+XFBNvn3GTAWq26joslQgWNoFu08F4kl0J4CgdNKADkdSGXQyTCnKteIAJy96Br6YbpEU1LSzV5dYtjMkMDg==",
      "license": "MIT",
      "peer": true,
      "engines": {
        "node": ">=0.10.0"
      }
    },
    "node_modules/react-dom": {
      "version": "19.1.0",
      "resolved": "https://registry.npmjs.org/react-dom/-/react-dom-19.1.0.tgz",
      "integrity": "sha512-Xs1hdnE+DyKgeHJeJznQmYMIBG3TKIHJJT95Q58nHLSrElKlGQqDTR2HQ9fx5CN/Gk6Vh/kupBTDLU11/nDk/g==",
      "license": "MIT",
      "peer": true,
      "dependencies": {
        "scheduler": "^0.26.0"
      },
      "peerDependencies": {
        "react": "^19.1.0"
      }
    },
    "node_modules/react-error-boundary": {
      "version": "3.1.4",
      "resolved": "https://registry.npmjs.org/react-error-boundary/-/react-error-boundary-3.1.4.tgz",
      "integrity": "sha512-uM9uPzZJTF6wRQORmSrvOIgt4lJ9MC1sNgEOj2XGsDTRE4kmpWxg7ENK9EWNKJRMAOY9z0MuF4yIfl6gp4sotA==",
      "license": "MIT",
      "dependencies": {
        "@babel/runtime": "^7.12.5"
      },
      "engines": {
        "node": ">=10",
        "npm": ">=6"
      },
      "peerDependencies": {
        "react": ">=16.13.1"
      }
    },
    "node_modules/scheduler": {
      "version": "0.26.0",
      "resolved": "https://registry.npmjs.org/scheduler/-/scheduler-0.26.0.tgz",
      "integrity": "sha512-NlHwttCI/l5gCPR3D1nNXtWABUmBwvZpEQiD4IXSbIDq8BzLIK/7Ir5gTFSGZDUu37K5cMNp0hFtzO38sC7gWA==",
      "license": "MIT",
      "peer": true
    },
    "node_modules/tabbable": {
      "version": "6.2.0",
      "resolved": "https://registry.npmjs.org/tabbable/-/tabbable-6.2.0.tgz",
      "integrity": "sha512-Cat63mxsVJlzYvN51JmVXIgNoUokrIaT2zLclCXjRd8boZ0004U4KCs/sToJ75C6sdlByWxpYnb5Boif1VSFew==",
      "license": "MIT"
    },
    "node_modules/yjs": {
      "version": "13.6.27",
      "resolved": "https://registry.npmjs.org/yjs/-/yjs-13.6.27.tgz",
      "integrity": "sha512-OIDwaflOaq4wC6YlPBy2L6ceKeKuF7DeTxx+jPzv1FHn9tCZ0ZwSRnUBxD05E3yed46fv/FWJbvR+Ud7x0L7zw==",
      "license": "MIT",
      "peer": true,
      "dependencies": {
        "lib0": "^0.2.99"
      },
      "engines": {
        "node": ">=16.0.0",
        "npm": ">=8.0.0"
      },
      "funding": {
        "type": "GitHub Sponsors ❤",
        "url": "https://github.com/sponsors/dmonad"
      }
    }
  }
}
